
Microsoft Visual Studio Solution File, Format Version 11.00
# Visual Studio 2010
Project("{FAE04EC0-301F-11D3-BF4B-00C04F79EFBC}") = "MyPhotoGallery", "MyPhotoGallery\MyPhotoGallery.csproj", "{3A7B20CA-A90A-4F47-B666-818D5A8AEACE}"
EndProject
Global
	GlobalSection(SolutionConfigurationPlatforms) = preSolution
		Debug|Any CPU = Debug|Any CPU
		Release|Any CPU = Release|Any CPU
	EndGlobalSection
	GlobalSection(ProjectConfigurationPlatforms) = postSolution
		{3A7B20CA-A90A-4F47-B666-818D5A8AEACE}.Debug|Any CPU.ActiveCfg = Debug|Any CPU
		{3A7B20CA-A90A-4F47-B666-818D5A8AEACE}.Debug|Any CPU.Build.0 = Debug|Any CPU
		{3A7B20CA-A90A-4F47-B666-818D5A8AEACE}.Release|Any CPU.ActiveCfg = Release|Any CPU
		{3A7B20CA-A90A-4F47-B666-818D5A8AEACE}.Release|Any CPU.Build.0 = Release|Any CPU
	EndGlobalSection
	GlobalSection(SolutionProperties) = preSolution
		HideSolutionNode = FALSE
	EndGlobalSection
EndGlobal
